
Microsoft Visual Studio Solution File, Format Version 12.00
# Visual Studio Version 17
VisualStudioVersion = 17.4.33205.214
MinimumVisualStudioVersion = 10.0.40219.1
Project("{888888A0-9F3D-457C-B088-3A5042F75D52}") = "Sisseastumine", "Sisseastumine.pyproj", "{5899C253-F301-4793-892F-BD43ED43031B}"
EndProject
Global
	GlobalSection(SolutionConfigurationPlatforms) = preSolution
		Debug|Any CPU = Debug|Any CPU
		Release|Any CPU = Release|Any CPU
	EndGlobalSection
	GlobalSection(ProjectConfigurationPlatforms) = postSolution
		{5899C253-F301-4793-892F-BD43ED43031B}.Debug|Any CPU.ActiveCfg = Debug|Any CPU
		{5899C253-F301-4793-892F-BD43ED43031B}.Release|Any CPU.ActiveCfg = Release|Any CPU
	EndGlobalSection
	GlobalSection(SolutionProperties) = preSolution
		HideSolutionNode = FALSE
	EndGlobalSection
	GlobalSection(ExtensibilityGlobals) = postSolution
		SolutionGuid = {7A787F02-E8DD-4799-BAF4-E444171C2068}
	EndGlobalSection
EndGlobal
